// !$*UTF8*$!
{
	archiveVersion = 1;
	classes = {
	};
	objectVersion = 50;
	objects = {

/* Begin PBXBuildFile section */
		07BA9E15218C9E13006BE9EE /* AppDelegate.swift in Sources */ = {isa = PBXBuildFile; fileRef = 07BA9E14218C9E13006BE9EE /* AppDelegate.swift */; };
		07BA9E17218C9E13006BE9EE /* ViewController.swift in Sources */ = {isa = PBXBuildFile; fileRef = 07BA9E16218C9E13006BE9EE /* ViewController.swift */; };
		07BA9E1A218C9E13006BE9EE /* Main.storyboard in Resources */ = {isa = PBXBuildFile; fileRef = 07BA9E18218C9E13006BE9EE /* Main.storyboard */; };
		07BA9E1C218C9E15006BE9EE /* Assets.xcassets in Resources */ = {isa = PBXBuildFile; fileRef = 07BA9E1B218C9E15006BE9EE /* Assets.xcassets */; };
		07BA9E1F218C9E15006BE9EE /* LaunchScreen.storyboard in Resources */ = {isa = PBXBuildFile; fileRef = 07BA9E1D218C9E15006BE9EE /* LaunchScreen.storyboard */; };
		07BA9E2A218C9E15006BE9EE /* Expenses_Core_DataTests.swift in Sources */ = {isa = PBXBuildFile; fileRef = 07BA9E29218C9E15006BE9EE /* Expenses_Core_DataTests.swift */; };
		07BA9E35218C9E15006BE9EE /* Expenses_Core_DataUITests.swift in Sources */ = {isa = PBXBuildFile; fileRef = 07BA9E34218C9E15006BE9EE /* Expenses_Core_DataUITests.swift */; };
/* End PBXBuildFile section */

/* Begin PBXContainerItemProxy section */
		07BA9E26218C9E15006BE9EE /* PBXContainerItemProxy */ = {
			isa = PBXContainerItemProxy;
			containerPortal = 07BA9E09218C9E13006BE9EE /* Project object */;
			proxyType = 1;
			remoteGlobalIDString = 07BA9E10218C9E13006BE9EE;
			remoteInfo = "Expenses Core Data";
		};
		07BA9E31218C9E15006BE9EE /* PBXContainerItemProxy */ = {
			isa = PBXContainerItemProxy;
			containerPortal = 07BA9E09218C9E13006BE9EE /* Project object */;
			proxyType = 1;
			remoteGlobalIDString = 07BA9E10218C9E13006BE9EE;
			remoteInfo = "Expenses Core Data";
		};
/* End PBXContainerItemProxy section */

/* Begin PBXFileReference section */
		07BA9E11218C9E13006BE9EE /* Expenses Core Data.app */ = {isa = PBXFileReference; explicitFileType = wrapper.application; includeInIndex = 0; path = "Expenses Core Data.app"; sourceTree = BUILT_PRODUCTS_DIR; };
		07BA9E14218C9E13006BE9EE /* AppDelegate.swift */ = {isa = PBXFileReference; lastKnownFileType = sourcecode.swift; path = AppDelegate.swift; sourceTree = "<group>"; };
		07BA9E16218C9E13006BE9EE /* ViewController.swift */ = {isa = PBXFileReference; lastKnownFileType = sourcecode.swift; path = ViewController.swift; sourceTree = "<group>"; };
		07BA9E19218C9E13006BE9EE /* Base */ = {isa = PBXFileReference; lastKnownFileType = file.storyboard; name = Base; path = Base.lproj/Main.storyboard; sourceTree = "<group>"; };
		07BA9E1B218C9E15006BE9EE /* Assets.xcassets */ = {isa = PBXFileReference; lastKnownFileType = folder.assetcatalog; path = Assets.xcassets; sourceTree = "<group>"; };
		07BA9E1E218C9E15006BE9EE /* Base */ = {isa = PBXFileReference; lastKnownFileType = file.storyboard; name = Base; path = Base.lproj/LaunchScreen.storyboard; sourceTree = "<group>"; };
		07BA9E20218C9E15006BE9EE /* Info.plist */ = {isa = PBXFileReference; lastKnownFileType = text.plist.xml; path = Info.plist; sourceTree = "<group>"; };
		07BA9E25218C9E15006BE9EE /* Expenses Core DataTests.xctest */ = {isa = PBXFileReference; explicitFileType = wrapper.cfbundle; includeInIndex = 0; path = "Expenses Core DataTests.xctest"; sourceTree = BUILT_PRODUCTS_DIR; };
		07BA9E29218C9E15006BE9EE /* Expenses_Core_DataTests.swift */ = {isa = PBXFileReference; lastKnownFileType = sourcecode.swift; path = Expenses_Core_DataTests.swift; sourceTree = "<group>"; };
		07BA9E2B218C9E15006BE9EE /* Info.plist */ = {isa = PBXFileReference; lastKnownFileType = text.plist.xml; path = Info.plist; sourceTree = "<group>"; };
		07BA9E30218C9E15006BE9EE /* Expenses Core DataUITests.xctest */ = {isa = PBXFileReference; explicitFileType = wrapper.cfbundle; includeInIndex = 0; path = "Expenses Core DataUITests.xctest"; sourceTree = BUILT_PRODUCTS_DIR; };
		07BA9E34218C9E15006BE9EE /* Expenses_Core_DataUITests.swift */ = {isa = PBXFileReference; lastKnownFileType = sourcecode.swift; path = Expenses_Core_DataUITests.swift; sourceTree = "<group>"; };
		07BA9E36218C9E16006BE9EE /* Info.plist */ = {isa = PBXFileReference; lastKnownFileType = text.plist.xml; path = Info.plist; sourceTree = "<group>"; };
/* End PBXFileReference section */

/* Begin PBXFrameworksBuildPhase section */
		07BA9E0E218C9E13006BE9EE /* Frameworks */ = {
			isa = PBXFrameworksBuildPhase;
			buildActionMask = 2147483647;
			files = (
			);
			runOnlyForDeploymentPostprocessing = 0;
		};
		07BA9E22218C9E15006BE9EE /* Frameworks */ = {
			isa = PBXFrameworksBuildPhase;
			buildActionMask = 2147483647;
			files = (
			);
			runOnlyForDeploymentPostprocessing = 0;
		};
		07BA9E2D218C9E15006BE9EE /* Frameworks */ = {
			isa = PBXFrameworksBuildPhase;
			buildActionMask = 2147483647;
			files = (
			);
			runOnlyForDeploymentPostprocessing = 0;
		};
/* End PBXFrameworksBuildPhase section */

/* Begin PBXGroup section */
		07BA9E08218C9E13006BE9EE = {
			isa = PBXGroup;
			children = (
				07BA9E13218C9E13006BE9EE /* Expenses Core Data */,
				07BA9E28218C9E15006BE9EE /* Expenses Core DataTests */,
				07BA9E33218C9E15006BE9EE /* Expenses Core DataUITests */,
				07BA9E12218C9E13006BE9EE /* Products */,
			);
			sourceTree = "<group>";
		};
		07BA9E12218C9E13006BE9EE /* Products */ = {
			isa = PBXGroup;
			children = (
				07BA9E11218C9E13006BE9EE /* Expenses Core Data.app */,
				07BA9E25218C9E15006BE9EE /* Expenses Core DataTests.xctest */,
				07BA9E30218C9E15006BE9EE /* Expenses Core DataUITests.xctest */,
			);
			name = Products;
			sourceTree = "<group>";
		};
		07BA9E13218C9E13006BE9EE /* Expenses Core Data */ = {
			isa = PBXGroup;
			children = (
				07BA9E14218C9E13006BE9EE /* AppDelegate.swift */,
				07BA9E16218C9E13006BE9EE /* ViewController.swift */,
				07BA9E18218C9E13006BE9EE /* Main.storyboard */,
				07BA9E1B218C9E15006BE9EE /* Assets.xcassets */,
				07BA9E1D218C9E15006BE9EE /* LaunchScreen.storyboard */,
				07BA9E20218C9E15006BE9EE /* Info.plist */,
			);
			path = "Expenses Core Data";
			sourceTree = "<group>";
		};
		07BA9E28218C9E15006BE9EE /* Expenses Core DataTests */ = {
			isa = PBXGroup;
			children = (
				07BA9E29218C9E15006BE9EE /* Expenses_Core_DataTests.swift */,
				07BA9E2B218C9E15006BE9EE /* Info.plist */,
			);
			path = "Expenses Core DataTests";
			sourceTree = "<group>";
		};
		07BA9E33218C9E15006BE9EE /* Expenses Core DataUITests */ = {
			isa = PBXGroup;
			children = (
				07BA9E34218C9E15006BE9EE /* Expenses_Core_DataUITests.swift */,
				07BA9E36218C9E16006BE9EE /* Info.plist */,
			);
			path = "Expenses Core DataUITests";
			sourceTree = "<group>";
		};
/* End PBXGroup section */

/* Begin PBXNativeTarget section */
		07BA9E10218C9E13006BE9EE /* Expenses Core Data */ = {
			isa = PBXNativeTarget;
			buildConfigurationList = 07BA9E39218C9E16006BE9EE /* Build configuration list for PBXNativeTarget "Expenses Core Data" */;
			buildPhases = (
				07BA9E0D218C9E13006BE9EE /* Sources */,
				07BA9E0E218C9E13006BE9EE /* Frameworks */,
				07BA9E0F218C9E13006BE9EE /* Resources */,
			);
			buildRules = (
			);
			dependencies = (
			);
			name = "Expenses Core Data";
			productName = "Expenses Core Data";
			productReference = 07BA9E11218C9E13006BE9EE /* Expenses Core Data.app */;
			productType = "com.apple.product-type.application";
		};
		07BA9E24218C9E15006BE9EE /* Expenses Core DataTests */ = {
			isa = PBXNativeTarget;
			buildConfigurationList = 07BA9E3C218C9E16006BE9EE /* Build configuration list for PBXNativeTarget "Expenses Core DataTests" */;
			buildPhases = (
				07BA9E21218C9E15006BE9EE /* Sources */,
				07BA9E22218C9E15006BE9EE /* Frameworks */,
				07BA9E23218C9E15006BE9EE /* Resources */,
			);
			buildRules = (
			);
			dependencies = (
				07BA9E27218C9E15006BE9EE /* PBXTargetDependency */,
			);
			name = "Expenses Core DataTests";
			productName = "Expenses Core DataTests";
			productReference = 07BA9E25218C9E15006BE9EE /* Expenses Core DataTests.xctest */;
			productType = "com.apple.product-type.bundle.unit-test";
		};
		07BA9E2F218C9E15006BE9EE /* Expenses Core DataUITests */ = {
			isa = PBXNativeTarget;
			buildConfigurationList = 07BA9E3F218C9E16006BE9EE /* Build configuration list for PBXNativeTarget "Expenses Core DataUITests" */;
			buildPhases = (
				07BA9E2C218C9E15006BE9EE /* Sources */,
				07BA9E2D218C9E15006BE9EE /* Frameworks */,
				07BA9E2E218C9E15006BE9EE /* Resources */,
			);
			buildRules = (
			);
			dependencies = (
				07BA9E32218C9E15006BE9EE /* PBXTargetDependency */,
			);
			name = "Expenses Core DataUITests";
			productName = "Expenses Core DataUITests";
			productReference = 07BA9E30218C9E15006BE9EE /* Expenses Core DataUITests.xctest */;
			productType = "com.apple.product-type.bundle.ui-testing";
		};
/* End PBXNativeTarget section */

/* Begin PBXProject section */
		07BA9E09218C9E13006BE9EE /* Project object */ = {
			isa = PBXProject;
			attributes = {
				LastSwiftUpdateCheck = 0940;
				LastUpgradeCheck = 0940;
				ORGANIZATIONNAME = ZacJohnson;
				TargetAttributes = {
					07BA9E10218C9E13006BE9EE = {
						CreatedOnToolsVersion = 9.4.1;
					};
					07BA9E24218C9E15006BE9EE = {
						CreatedOnToolsVersion = 9.4.1;
						TestTargetID = 07BA9E10218C9E13006BE9EE;
					};
					07BA9E2F218C9E15006BE9EE = {
						CreatedOnToolsVersion = 9.4.1;
						TestTargetID = 07BA9E10218C9E13006BE9EE;
					};
				};
			};
			buildConfigurationList = 07BA9E0C218C9E13006BE9EE /* Build configuration list for PBXProject "Expenses Core Data" */;
			compatibilityVersion = "Xcode 9.3";
			developmentRegion = en;
			hasScannedForEncodings = 0;
			knownRegions = (
				en,
				Base,
			);
			mainGroup = 07BA9E08218C9E13006BE9EE;
			productRefGroup = 07BA9E12218C9E13006BE9EE /* Products */;
			projectDirPath = "";
			projectRoot = "";
			targets = (
				07BA9E10218C9E13006BE9EE /* Expenses Core Data */,
				07BA9E24218C9E15006BE9EE /* Expenses Core DataTests */,
				07BA9E2F218C9E15006BE9EE /* Expenses Core DataUITests */,
			);
		};
/* End PBXProject section */

/* Begin PBXResourcesBuildPhase section */
		07BA9E0F218C9E13006BE9EE /* Resources */ = {
			isa = PBXResourcesBuildPhase;
			buildActionMask = 2147483647;
			files = (
				07BA9E1F218C9E15006BE9EE /* LaunchScreen.storyboard in Resources */,
				07BA9E1C218C9E15006BE9EE /* Assets.xcassets in Resources */,
				07BA9E1A218C9E13006BE9EE /* Main.storyboard in Resources */,
			);
			runOnlyForDeploymentPostprocessing = 0;
		};
		07BA9E23218C9E15006BE9EE /* Resources */ = {
			isa = PBXResourcesBuildPhase;
			buildActionMask = 2147483647;
			files = (
			);
			runOnlyForDeploymentPostprocessing = 0;
		};
		07BA9E2E218C9E15006BE9EE /* Resources */ = {
			isa = PBXResourcesBuildPhase;
			buildActionMask = 2147483647;
			files = (
			);
			runOnlyForDeploymentPostprocessing = 0;
		};
/* End PBXResourcesBuildPhase section */

/* Begin PBXSourcesBuildPhase section */
		07BA9E0D218C9E13006BE9EE /* Sources */ = {
			isa = PBXSourcesBuildPhase;
			buildActionMask = 2147483647;
			files = (
				07BA9E17218C9E13006BE9EE /* ViewController.swift in Sources */,
				07BA9E15218C9E13006BE9EE /* AppDelegate.swift in Sources */,
			);
			runOnlyForDeploymentPostprocessing = 0;
		};
		07BA9E21218C9E15006BE9EE /* Sources */ = {
			isa = PBXSourcesBuildPhase;
			buildActionMask = 2147483647;
			files = (
				07BA9E2A218C9E15006BE9EE /* Expenses_Core_DataTests.swift in Sources */,
			);
			runOnlyForDeploymentPostprocessing = 0;
		};
		07BA9E2C218C9E15006BE9EE /* Sources */ = {
			isa = PBXSourcesBuildPhase;
			buildActionMask = 2147483647;
			files = (
				07BA9E35218C9E15006BE9EE /* Expenses_Core_DataUITests.swift in Sources */,
			);
			runOnlyForDeploymentPostprocessing = 0;
		};
/* End PBXSourcesBuildPhase section */

/* Begin PBXTargetDependency section */
		07BA9E27218C9E15006BE9EE /* PBXTargetDependency */ = {
			isa = PBXTargetDependency;
			target = 07BA9E10218C9E13006BE9EE /* Expenses Core Data */;
			targetProxy = 07BA9E26218C9E15006BE9EE /* PBXContainerItemProxy */;
		};
		07BA9E32218C9E15006BE9EE /* PBXTargetDependency */ = {
			isa = PBXTargetDependency;
			target = 07BA9E10218C9E13006BE9EE /* Expenses Core Data */;
			targetProxy = 07BA9E31218C9E15006BE9EE /* PBXContainerItemProxy */;
		};
/* End PBXTargetDependency section */

/* Begin PBXVariantGroup section */
		07BA9E18218C9E13006BE9EE /* Main.storyboard */ = {
			isa = PBXVariantGroup;
			children = (
				07BA9E19218C9E13006BE9EE /* Base */,
			);
			name = Main.storyboard;
			sourceTree = "<group>";
		};
		07BA9E1D218C9E15006BE9EE /* LaunchScreen.storyboard */ = {
			isa = PBXVariantGroup;
			children = (
				07BA9E1E218C9E15006BE9EE /* Base */,
			);
			name = LaunchScreen.storyboard;
			sourceTree = "<group>";
		};
/* End PBXVariantGroup section */

/* Begin XCBuildConfiguration section */
		07BA9E37218C9E16006BE9EE /* Debug */ = {
			isa = XCBuildConfiguration;
			buildSettings = {
				ALWAYS_SEARCH_USER_PATHS = NO;
				CLANG_ANALYZER_NONNULL = YES;
				CLANG_ANALYZER_NUMBER_OBJECT_CONVERSION = YES_AGGRESSIVE;
				CLANG_CXX_LANGUAGE_STANDARD = "gnu++14";
				CLANG_CXX_LIBRARY = "libc++";
				CLANG_ENABLE_MODULES = YES;
				CLANG_ENABLE_OBJC_ARC = YES;
				CLANG_ENABLE_OBJC_WEAK = YES;
				CLANG_WARN_BLOCK_CAPTURE_AUTORELEASING = YES;
				CLANG_WARN_BOOL_CONVERSION = YES;
				CLANG_WARN_COMMA = YES;
				CLANG_WARN_CONSTANT_CONVERSION = YES;
				CLANG_WARN_DEPRECATED_OBJC_IMPLEMENTATIONS = YES;
				CLANG_WARN_DIRECT_OBJC_ISA_USAGE = YES_ERROR;
				CLANG_WARN_DOCUMENTATION_COMMENTS = YES;
				CLANG_WARN_EMPTY_BODY = YES;
				CLANG_WARN_ENUM_CONVERSION = YES;
				CLANG_WARN_INFINITE_RECURSION = YES;
				CLANG_WARN_INT_CONVERSION = YES;
				CLANG_WARN_NON_LITERAL_NULL_CONVERSION = YES;
				CLANG_WARN_OBJC_IMPLICIT_RETAIN_SELF = YES;
				CLANG_WARN_OBJC_LITERAL_CONVERSION = YES;
				CLANG_WARN_OBJC_ROOT_CLASS = YES_ERROR;
				CLANG_WARN_RANGE_LOOP_ANALYSIS = YES;
				CLANG_WARN_STRICT_PROTOTYPES = YES;
				CLANG_WARN_SUSPICIOUS_MOVE = YES;
				CLANG_WARN_UNGUARDED_AVAILABILITY = YES_AGGRESSIVE;
				CLANG_WARN_UNREACHABLE_CODE = YES;
				CLANG_WARN__DUPLICATE_METHOD_MATCH = YES;
				CODE_SIGN_IDENTITY = "iPhone Developer";
				COPY_PHASE_STRIP = NO;
				DEBUG_INFORMATION_FORMAT = dwarf;
				ENABLE_STRICT_OBJC_MSGSEND = YES;
				ENABLE_TESTABILITY = YES;
				GCC_C_LANGUAGE_STANDARD = gnu11;
				GCC_DYNAMIC_NO_PIC = NO;
				GCC_NO_COMMON_BLOCKS = YES;
				GCC_OPTIMIZATION_LEVEL = 0;
				GCC_PREPROCESSOR_DEFINITIONS = (
					"DEBUG=1",
					"$(inherited)",
				);
				GCC_WARN_64_TO_32_BIT_CONVERSION = YES;
				GCC_WARN_ABOUT_RETURN_TYPE = YES_ERROR;
				GCC_WARN_UNDECLARED_SELECTOR = YES;
				GCC_WARN_UNINITIALIZED_AUTOS = YES_AGGRESSIVE;
				GCC_WARN_UNUSED_FUNCTION = YES;
				GCC_WARN_UNUSED_VARIABLE = YES;
				IPHONEOS_DEPLOYMENT_TARGET = 11.4;
				MTL_ENABLE_DEBUG_INFO = YES;
				ONLY_ACTIVE_ARCH = YES;
				SDKROOT = iphoneos;
				SWIFT_ACTIVE_COMPILATION_CONDITIONS = DEBUG;
				SWIFT_OPTIMIZATION_LEVEL = "-Onone";
			};
			name = Debug;
		};
		07BA9E38218C9E16006BE9EE /* Release */ = {
			isa = XCBuildConfiguration;
			buildSettings = {
				ALWAYS_SEARCH_USER_PATHS = NO;
				CLANG_ANALYZER_NONNULL = YES;
				CLANG_ANALYZER_NUMBER_OBJECT_CONVERSION = YES_AGGRESSIVE;
				CLANG_CXX_LANGUAGE_STANDARD = "gnu++14";
				CLANG_CXX_LIBRARY = "libc++";
				CLANG_ENABLE_MODULES = YES;
				CLANG_ENABLE_OBJC_ARC = YES;
				CLANG_ENABLE_OBJC_WEAK = YES;
				CLANG_WARN_BLOCK_CAPTURE_AUTORELEASING = YES;
				CLANG_WARN_BOOL_CONVERSION = YES;
				CLANG_WARN_COMMA = YES;
				CLANG_WARN_CONSTANT_CONVERSION = YES;
				CLANG_WARN_DEPRECATED_OBJC_IMPLEMENTATIONS = YES;
				CLANG_WARN_DIRECT_OBJC_ISA_USAGE = YES_ERROR;
				CLANG_WARN_DOCUMENTATION_COMMENTS = YES;
				CLANG_WARN_EMPTY_BODY = YES;
				CLANG_WARN_ENUM_CONVERSION = YES;
				CLANG_WARN_INFINITE_RECURSION = YES;
				CLANG_WARN_INT_CONVERSION = YES;
				CLANG_WARN_NON_LITERAL_NULL_CONVERSION = YES;
				CLANG_WARN_OBJC_IMPLICIT_RETAIN_SELF = YES;
				CLANG_WARN_OBJC_LITERAL_CONVERSION = YES;
				CLANG_WARN_OBJC_ROOT_CLASS = YES_ERROR;
				CLANG_WARN_RANGE_LOOP_ANALYSIS = YES;
				CLANG_WARN_STRICT_PROTOTYPES = YES;
				CLANG_WARN_SUSPICIOUS_MOVE = YES;
				CLANG_WARN_UNGUARDED_AVAILABILITY = YES_AGGRESSIVE;
				CLANG_WARN_UNREACHABLE_CODE = YES;
				CLANG_WARN__DUPLICATE_METHOD_MATCH = YES;
				CODE_SIGN_IDENTITY = "iPhone Developer";
				COPY_PHASE_STRIP = NO;
				DEBUG_INFORMATION_FORMAT = "dwarf-with-dsym";
				ENABLE_NS_ASSERTIONS = NO;
				ENABLE_STRICT_OBJC_MSGSEND = YES;
				GCC_C_LANGUAGE_STANDARD = gnu11;
				GCC_NO_COMMON_BLOCKS = YES;
				GCC_WARN_64_TO_32_BIT_CONVERSION = YES;
				GCC_WARN_ABOUT_RETURN_TYPE = YES_ERROR;
				GCC_WARN_UNDECLARED_SELECTOR = YES;
				GCC_WARN_UNINITIALIZED_AUTOS = YES_AGGRESSIVE;
				GCC_WARN_UNUSED_FUNCTION = YES;
				GCC_WARN_UNUSED_VARIABLE = YES;
				IPHONEOS_DEPLOYMENT_TARGET = 11.4;
				MTL_ENABLE_DEBUG_INFO = NO;
				SDKROOT = iphoneos;
				SWIFT_COMPILATION_MODE = wholemodule;
				SWIFT_OPTIMIZATION_LEVEL = "-O";
				VALIDATE_PRODUCT = YES;
			};
			name = Release;
		};
		07BA9E3A218C9E16006BE9EE /* Debug */ = {
			isa = XCBuildConfiguration;
			buildSettings = {
				ASSETCATALOG_COMPILER_APPICON_NAME = AppIcon;
				CODE_SIGN_STYLE = Automatic;
				DEVELOPMENT_TEAM = 5969K972XW;
				INFOPLIST_FILE = "Expenses Core Data/Info.plist";
				LD_RUNPATH_SEARCH_PATHS = (
					"$(inherited)",
					"@executable_path/Frameworks",
				);
				PRODUCT_BUNDLE_IDENTIFIER = "JohnsonZac.Expenses-Core-Data";
				PRODUCT_NAME = "$(TARGET_NAME)";
				SWIFT_VERSION = 4.0;
				TARGETED_DEVICE_FAMILY = "1,2";
			};
			name = Debug;
		};
		07BA9E3B218C9E16006BE9EE /* Release */ = {
			isa = XCBuildConfiguration;
			buildSettings = {
				ASSETCATALOG_COMPILER_APPICON_NAME = AppIcon;
				CODE_SIGN_STYLE = Automatic;
				DEVELOPMENT_TEAM = 5969K972XW;
				INFOPLIST_FILE = "Expenses Core Data/Info.plist";
				LD_RUNPATH_SEARCH_PATHS = (
					"$(inherited)",
					"@executable_path/Frameworks",
				);
				PRODUCT_BUNDLE_IDENTIFIER = "JohnsonZac.Expenses-Core-Data";
				PRODUCT_NAME = "$(TARGET_NAME)";
				SWIFT_VERSION = 4.0;
				TARGETED_DEVICE_FAMILY = "1,2";
			};
			name = Release;
		};
		07BA9E3D218C9E16006BE9EE /* Debug */ = {
			isa = XCBuildConfiguration;
			buildSettings = {
				ALWAYS_EMBED_SWIFT_STANDARD_LIBRARIES = YES;
				BUNDLE_LOADER = "$(TEST_HOST)";
				CODE_SIGN_STYLE = Automatic;
				DEVELOPMENT_TEAM = 5969K972XW;
				INFOPLIST_FILE = "Expenses Core DataTests/Info.plist";
				LD_RUNPATH_SEARCH_PATHS = (
					"$(inherited)",
					"@executable_path/Frameworks",
					"@loader_path/Frameworks",
				);
				PRODUCT_BUNDLE_IDENTIFIER = "JohnsonZac.Expenses-Core-DataTests";
				PRODUCT_NAME = "$(TARGET_NAME)";
				SWIFT_VERSION = 4.0;
				TARGETED_DEVICE_FAMILY = "1,2";
				TEST_HOST = "$(BUILT_PRODUCTS_DIR)/Expenses Core Data.app/Expenses Core Data";
			};
			name = Debug;
		};
		07BA9E3E218C9E16006BE9EE /* Release */ = {
			isa = XCBuildConfiguration;
			buildSettings = {
				ALWAYS_EMBED_SWIFT_STANDARD_LIBRARIES = YES;
				BUNDLE_LOADER = "$(TEST_HOST)";
				CODE_SIGN_STYLE = Automatic;
				DEVELOPMENT_TEAM = 5969K972XW;
				INFOPLIST_FILE = "Expenses Core DataTests/Info.plist";
				LD_RUNPATH_SEARCH_PATHS = (
					"$(inherited)",
					"@executable_path/Frameworks",
					"@loader_path/Frameworks",
				);
				PRODUCT_BUNDLE_IDENTIFIER = "JohnsonZac.Expenses-Core-DataTests";
				PRODUCT_NAME = "$(TARGET_NAME)";
				SWIFT_VERSION = 4.0;
				TARGETED_DEVICE_FAMILY = "1,2";
				TEST_HOST = "$(BUILT_PRODUCTS_DIR)/Expenses Core Data.app/Expenses Core Data";
			};
			name = Release;
		};
		07BA9E40218C9E16006BE9EE /* Debug */ = {
			isa = XCBuildConfiguration;
			buildSettings = {
				ALWAYS_EMBED_SWIFT_STANDARD_LIBRARIES = YES;
				CODE_SIGN_STYLE = Automatic;
				DEVELOPMENT_TEAM = 5969K972XW;
				INFOPLIST_FILE = "Expenses Core DataUITests/Info.plist";
				LD_RUNPATH_SEARCH_PATHS = (
					"$(inherited)",
					"@executable_path/Frameworks",
					"@loader_path/Frameworks",
				);
				PRODUCT_BUNDLE_IDENTIFIER = "JohnsonZac.Expenses-Core-DataUITests";
				PRODUCT_NAME = "$(TARGET_NAME)";
				SWIFT_VERSION = 4.0;
				TARGETED_DEVICE_FAMILY = "1,2";
				TEST_TARGET_NAME = "Expenses Core Data";
			};
			name = Debug;
		};
		07BA9E41218C9E16006BE9EE /* Release */ = {
			isa = XCBuildConfiguration;
			buildSettings = {
				ALWAYS_EMBED_SWIFT_STANDARD_LIBRARIES = YES;
				CODE_SIGN_STYLE = Automatic;
				DEVELOPMENT_TEAM = 5969K972XW;
				INFOPLIST_FILE = "Expenses Core DataUITests/Info.plist";
				LD_RUNPATH_SEARCH_PATHS = (
					"$(inherited)",
					"@executable_path/Frameworks",
					"@loader_path/Frameworks",
				);
				PRODUCT_BUNDLE_IDENTIFIER = "JohnsonZac.Expenses-Core-DataUITests";
				PRODUCT_NAME = "$(TARGET_NAME)";
				SWIFT_VERSION = 4.0;
				TARGETED_DEVICE_FAMILY = "1,2";
				TEST_TARGET_NAME = "Expenses Core Data";
			};
			name = Release;
		};
/* End XCBuildConfiguration section */

/* Begin XCConfigurationList section */
		07BA9E0C218C9E13006BE9EE /* Build configuration list for PBXProject "Expenses Core Data" */ = {
			isa = XCConfigurationList;
			buildConfigurations = (
				07BA9E37218C9E16006BE9EE /* Debug */,
				07BA9E38218C9E16006BE9EE /* Release */,
			);
			defaultConfigurationIsVisible = 0;
			defaultConfigurationName = Release;
		};
		07BA9E39218C9E16006BE9EE /* Build configuration list for PBXNativeTarget "Expenses Core Data" */ = {
			isa = XCConfigurationList;
			buildConfigurations = (
				07BA9E3A218C9E16006BE9EE /* Debug */,
				07BA9E3B218C9E16006BE9EE /* Release */,
			);
			defaultConfigurationIsVisible = 0;
			defaultConfigurationName = Release;
		};
		07BA9E3C218C9E16006BE9EE /* Build configuration list for PBXNativeTarget "Expenses Core DataTests" */ = {
			isa = XCConfigurationList;
			buildConfigurations = (
				07BA9E3D218C9E16006BE9EE /* Debug */,
				07BA9E3E218C9E16006BE9EE /* Release */,
			);
			defaultConfigurationIsVisible = 0;
			defaultConfigurationName = Release;
		};
		07BA9E3F218C9E16006BE9EE /* Build configuration list for PBXNativeTarget "Expenses Core DataUITests" */ = {
			isa = XCConfigurationList;
			buildConfigurations = (
				07BA9E40218C9E16006BE9EE /* Debug */,
				07BA9E41218C9E16006BE9EE /* Release */,
			);
			defaultConfigurationIsVisible = 0;
			defaultConfigurationName = Release;
		};
/* End XCConfigurationList section */
	};
	rootObject = 07BA9E09218C9E13006BE9EE /* Project object */;
}
